
Microsoft Visual Studio Solution File, Format Version 12.00
# Visual Studio 15
VisualStudioVersion = 15.0.26228.4
MinimumVisualStudioVersion = 10.0.40219.1
Project("{FAE04EC0-301F-11D3-BF4B-00C04F79EFBC}") = "ChaukaApp.ServiceAPI", "ChaukaApp.ServiceAPI\ChaukaApp.ServiceAPI.csproj", "{F14B9D92-48D2-49C0-AB21-1B9009F1E160}"
EndProject
Project("{FAE04EC0-301F-11D3-BF4B-00C04F79EFBC}") = "ChaukaApp.DataAccess", "DataAccess\ChaukaApp.DataAccess.csproj", "{0AF261E2-D1BB-445E-B93D-3A896B22EE34}"
EndProject
Project("{FAE04EC0-301F-11D3-BF4B-00C04F79EFBC}") = "ChaukaApp.Model", "Model\ChaukaApp.Model.csproj", "{662C88D7-8DAD-4268-B2EC-A25E76183A73}"
EndProject
Project("{FAE04EC0-301F-11D3-BF4B-00C04F79EFBC}") = "ChaukaApp.UnitTest", "ChaukaApp.UnitTest\ChaukaApp.UnitTest.csproj", "{BA297A8D-CD8B-4FC0-9613-21B6D0B490F5}"
EndProject
Project("{FAE04EC0-301F-11D3-BF4B-00C04F79EFBC}") = "ChaukaApp.BusinessLogic", "BusinessLogic\ChaukaApp.BusinessLogic.csproj", "{64AAD739-39AD-443A-8F01-36EACA73EBE6}"
EndProject
Global
	GlobalSection(SolutionConfigurationPlatforms) = preSolution
		Debug|Any CPU = Debug|Any CPU
		Release|Any CPU = Release|Any CPU
	EndGlobalSection
	GlobalSection(ProjectConfigurationPlatforms) = postSolution
		{F14B9D92-48D2-49C0-AB21-1B9009F1E160}.Debug|Any CPU.ActiveCfg = Debug|Any CPU
		{F14B9D92-48D2-49C0-AB21-1B9009F1E160}.Debug|Any CPU.Build.0 = Debug|Any CPU
		{F14B9D92-48D2-49C0-AB21-1B9009F1E160}.Release|Any CPU.ActiveCfg = Release|Any CPU
		{F14B9D92-48D2-49C0-AB21-1B9009F1E160}.Release|Any CPU.Build.0 = Release|Any CPU
		{0AF261E2-D1BB-445E-B93D-3A896B22EE34}.Debug|Any CPU.ActiveCfg = Debug|Any CPU
		{0AF261E2-D1BB-445E-B93D-3A896B22EE34}.Debug|Any CPU.Build.0 = Debug|Any CPU
		{0AF261E2-D1BB-445E-B93D-3A896B22EE34}.Release|Any CPU.ActiveCfg = Release|Any CPU
		{0AF261E2-D1BB-445E-B93D-3A896B22EE34}.Release|Any CPU.Build.0 = Release|Any CPU
		{662C88D7-8DAD-4268-B2EC-A25E76183A73}.Debug|Any CPU.ActiveCfg = Debug|Any CPU
		{662C88D7-8DAD-4268-B2EC-A25E76183A73}.Debug|Any CPU.Build.0 = Debug|Any CPU
		{662C88D7-8DAD-4268-B2EC-A25E76183A73}.Release|Any CPU.ActiveCfg = Release|Any CPU
		{662C88D7-8DAD-4268-B2EC-A25E76183A73}.Release|Any CPU.Build.0 = Release|Any CPU
		{BA297A8D-CD8B-4FC0-9613-21B6D0B490F5}.Debug|Any CPU.ActiveCfg = Debug|Any CPU
		{BA297A8D-CD8B-4FC0-9613-21B6D0B490F5}.Debug|Any CPU.Build.0 = Debug|Any CPU
		{BA297A8D-CD8B-4FC0-9613-21B6D0B490F5}.Release|Any CPU.ActiveCfg = Release|Any CPU
		{BA297A8D-CD8B-4FC0-9613-21B6D0B490F5}.Release|Any CPU.Build.0 = Release|Any CPU
		{64AAD739-39AD-443A-8F01-36EACA73EBE6}.Debug|Any CPU.ActiveCfg = Debug|Any CPU
		{64AAD739-39AD-443A-8F01-36EACA73EBE6}.Debug|Any CPU.Build.0 = Debug|Any CPU
		{64AAD739-39AD-443A-8F01-36EACA73EBE6}.Release|Any CPU.ActiveCfg = Release|Any CPU
		{64AAD739-39AD-443A-8F01-36EACA73EBE6}.Release|Any CPU.Build.0 = Release|Any CPU
	EndGlobalSection
	GlobalSection(SolutionProperties) = preSolution
		HideSolutionNode = FALSE
	EndGlobalSection
	GlobalSection(ExtensibilityGlobals) = postSolution
		SolutionGuid = {65A13AF2-637C-4A84-B884-05C36B5EB95C}
	EndGlobalSection
EndGlobal
